
Microsoft Visual Studio Solution File, Format Version 11.00
# Visual Studio 2010
Project("{FAE04EC0-301F-11D3-BF4B-00C04F79EFBC}") = "platform-Elias", "Assembly-CSharp.csproj", "{D282B053-7539-543C-A996-9F090244A7AB}"
EndProject
Global
	GlobalSection(SolutionConfigurationPlatforms) = preSolution
		Debug|Any CPU = Debug|Any CPU
		Release|Any CPU = Release|Any CPU
	EndGlobalSection
	GlobalSection(ProjectConfigurationPlatforms) = postSolution
		{D282B053-7539-543C-A996-9F090244A7AB}.Debug|Any CPU.ActiveCfg = Debug|Any CPU
		{D282B053-7539-543C-A996-9F090244A7AB}.Debug|Any CPU.Build.0 = Debug|Any CPU
		{D282B053-7539-543C-A996-9F090244A7AB}.Release|Any CPU.ActiveCfg = Release|Any CPU
		{D282B053-7539-543C-A996-9F090244A7AB}.Release|Any CPU.Build.0 = Release|Any CPU
	EndGlobalSection
	GlobalSection(SolutionProperties) = preSolution
		HideSolutionNode = FALSE
	EndGlobalSection
	GlobalSection(MonoDevelopProperties) = preSolution
		StartupItem = Assembly-CSharp.csproj
	EndGlobalSection
EndGlobal
