
Microsoft Visual Studio Solution File, Format Version 12.00
# Visual Studio 2015
Project("{FAE04EC0-301F-11D3-BF4B-00C04F79EFBC}") = "platform-master.CSharp", "platform-master.CSharp.csproj", "{E6365DE3-9866-4952-0EC3-004F07346951}"
EndProject
Global
	GlobalSection(SolutionConfigurationPlatforms) = preSolution
		Debug|Any CPU = Debug|Any CPU
		Release|Any CPU = Release|Any CPU
	EndGlobalSection
	GlobalSection(ProjectConfigurationPlatforms) = postSolution
		{E6365DE3-9866-4952-0EC3-004F07346951}.Debug|Any CPU.ActiveCfg = Debug|Any CPU
		{E6365DE3-9866-4952-0EC3-004F07346951}.Debug|Any CPU.Build.0 = Debug|Any CPU
		{E6365DE3-9866-4952-0EC3-004F07346951}.Release|Any CPU.ActiveCfg = Release|Any CPU
		{E6365DE3-9866-4952-0EC3-004F07346951}.Release|Any CPU.Build.0 = Release|Any CPU
	EndGlobalSection
	GlobalSection(SolutionProperties) = preSolution
		HideSolutionNode = FALSE
	EndGlobalSection
EndGlobal
